<Solution>
  <Project Path="SupportAssistant.Api/SupportAssistant_Api.csproj" />
  <Project Path="SupportAssistant.Application/SupportAssistant.Application.csproj" />
  <Project Path="SupportAssistant.Domain/SupportAssistant.Domain.csproj" />
  <Project Path="SupportAssistant.Infrastructure/SupportAssistant.Infrastructure.csproj" />
</Solution>
