<Solution>
  <Folder Name="/Tests/">
    <Project Path="SupportAssistant.ArchitectureTests/SupportAssistant.ArchitectureTests.csproj" />
    <Project Path="SupportAssistant.IntegrationTests/SupportAssistant.IntegrationTests.csproj" />
    <Project Path="SupportAssistant.UnitTests/SupportAssistant.UnitTests.csproj" />
  </Folder>
  <Project Path="SupportAssistant.Api/SupportAssistant.Api.csproj" />
  <Project Path="SupportAssistant.Application/SupportAssistant.Application.csproj" />
  <Project Path="SupportAssistant.Domain/SupportAssistant.Domain.csproj" />
  <Project Path="SupportAssistant.Infrastructure/SupportAssistant.Infrastructure.csproj" />
</Solution>
